
Microsoft Visual Studio Solution File, Format Version 12.00
# Visual Studio Version 17
VisualStudioVersion = 17.11.35312.102
MinimumVisualStudioVersion = 10.0.40219.1
Project("{2150E333-8FDC-42A3-9474-1A3956D46DE8}") = "Task0", "Task0", "{0C943532-2289-4152-B804-A087DA187E39}"
EndProject
Project("{9A19103F-16F7-4668-BE54-9A1E7A4F7556}") = "Tyuiu.ShakhovDK.Sprint2.Task0.V16", "Tyuiu.ShakhovDK.Sprint2.Task0.V16\Tyuiu.ShakhovDK.Sprint2.Task0.V16.csproj", "{597AAA45-1223-4B33-A229-D5B0CA1F08C4}"
EndProject
Project("{9A19103F-16F7-4668-BE54-9A1E7A4F7556}") = "Tyuiu.ShakhovDK.Sprint2.Task0.V16.Lib", "Tyuiu.ShakhovDK.Sprint2.Task0.V16.Lib\Tyuiu.ShakhovDK.Sprint2.Task0.V16.Lib.csproj", "{ECA20C0C-E6EE-43E3-A8B5-7507E07A1A48}"
EndProject
Project("{9A19103F-16F7-4668-BE54-9A1E7A4F7556}") = "Tyuiu.ShakhovDK.Sprint2.Task0.V16.Test", "Tyuiu.ShakhovDK.Sprint2.Task0.V16.Test\Tyuiu.ShakhovDK.Sprint2.Task0.V16.Test.csproj", "{7D5993EF-A038-4A46-AD0B-877CDF5F53E2}"
EndProject
Project("{2150E333-8FDC-42A3-9474-1A3956D46DE8}") = "Task1", "Task1", "{7887D236-2034-438F-95CA-D97119A78874}"
EndProject
Project("{9A19103F-16F7-4668-BE54-9A1E7A4F7556}") = "Tyuiu.ShakhovDK.Sprint2.Task1.V24", "Tyuiu.ShakhovDK.Sprint2.Task1.V24\Tyuiu.ShakhovDK.Sprint2.Task1.V24.csproj", "{F109C4EB-6BD0-45DB-A804-B0ACBDF3200D}"
EndProject
Project("{9A19103F-16F7-4668-BE54-9A1E7A4F7556}") = "Tyuiu.ShakhovDK.Sprint2.Task1.V24.Lib", "Tyuiu.ShakhovDK.Sprint2.Task1.V24.Lib\Tyuiu.ShakhovDK.Sprint2.Task1.V24.Lib.csproj", "{579F51C7-2B9C-40C3-9C2F-D71223F918EA}"
EndProject
Project("{9A19103F-16F7-4668-BE54-9A1E7A4F7556}") = "Tyuiu.ShakhovDK.Sprint2.Task1.V24.Test", "Tyuiu.ShakhovDK.Sprint2.Task1.V24.Test\Tyuiu.ShakhovDK.Sprint2.Task1.V24.Test.csproj", "{1C1F2403-82DB-474C-B640-6B67685D441B}"
EndProject
Project("{2150E333-8FDC-42A3-9474-1A3956D46DE8}") = "Task2", "Task2", "{B30C9ECA-CD12-4AD0-A8D2-10A29822590A}"
EndProject
Project("{9A19103F-16F7-4668-BE54-9A1E7A4F7556}") = "Tyuiu.ShakhovDK.Sprint2.Task2.V19", "Tyuiu.ShakhovDK.Sprint2.Task2.V19\Tyuiu.ShakhovDK.Sprint2.Task2.V19.csproj", "{F1FB7206-5907-4ADB-AE24-3AAA982F38DD}"
EndProject
Project("{9A19103F-16F7-4668-BE54-9A1E7A4F7556}") = "Tyuiu.ShakhovDK.Sprint2.Task2.V19.Lib", "Tyuiu.ShakhovDK.Sprint2.Task2.V19.Lib\Tyuiu.ShakhovDK.Sprint2.Task2.V19.Lib.csproj", "{68B2C56F-CAEE-444B-8F9F-C6EBD0083019}"
EndProject
Project("{9A19103F-16F7-4668-BE54-9A1E7A4F7556}") = "Tyuiu.ShakhovDK.Sprint2.Task2.V19.Test", "Tyuiu.ShakhovDK.Sprint2.Task2.V19.Test\Tyuiu.ShakhovDK.Sprint2.Task2.V19.Test.csproj", "{86C45B28-CF05-4667-A99E-383D38AA02C2}"
EndProject
Project("{2150E333-8FDC-42A3-9474-1A3956D46DE8}") = "Task3", "Task3", "{1AD52B4C-B762-484A-A93B-45814D1813E0}"
EndProject
Project("{9A19103F-16F7-4668-BE54-9A1E7A4F7556}") = "Tyuiu.ShakhovDK.Sprint2.Task3.V18", "Tyuiu.ShakhovDK.Sprint2.Task3.V18\Tyuiu.ShakhovDK.Sprint2.Task3.V18.csproj", "{25293B08-4C08-44E7-A1BC-55D9D7FD3AA3}"
EndProject
Project("{9A19103F-16F7-4668-BE54-9A1E7A4F7556}") = "Tyuiu.ShakhovDK.Sprint2.Task3.V18.Lib", "Tyuiu.ShakhovDK.Sprint2.Task3.V18.Lib\Tyuiu.ShakhovDK.Sprint2.Task3.V18.Lib.csproj", "{9C982259-21B3-43D3-AD7A-22947A52663C}"
EndProject
Project("{9A19103F-16F7-4668-BE54-9A1E7A4F7556}") = "Tyuiu.ShakhovDK.Sprint2.Task3.V18.Test", "Tyuiu.ShakhovDK.Sprint2.Task3.V18.Test\Tyuiu.ShakhovDK.Sprint2.Task3.V18.Test.csproj", "{B95EE703-E834-42E9-BBF7-E3134BA424C9}"
EndProject
Project("{2150E333-8FDC-42A3-9474-1A3956D46DE8}") = "Task4", "Task4", "{87713BF2-2000-4116-83EB-A00AAD3CDFAE}"
EndProject
Project("{9A19103F-16F7-4668-BE54-9A1E7A4F7556}") = "Tyuiu.ShakhovDK.Sprint2.Task4.V26", "Tyuiu.ShakhovDK.Sprint2.Task4.V26\Tyuiu.ShakhovDK.Sprint2.Task4.V26.csproj", "{F95BBCA4-EB61-4A5A-91CA-05C4934AB536}"
EndProject
Project("{9A19103F-16F7-4668-BE54-9A1E7A4F7556}") = "Tyuiu.ShakhovDK.Sprint2.Task4.V26.Lib", "Tyuiu.ShakhovDK.Sprint2.Task4.V26.Lib\Tyuiu.ShakhovDK.Sprint2.Task4.V26.Lib.csproj", "{522E1569-1C6D-418A-BABD-A1600B250885}"
EndProject
Project("{9A19103F-16F7-4668-BE54-9A1E7A4F7556}") = "Tyuiu.ShakhovDK.Sprint2.Task4.V26.Test", "Tyuiu.ShakhovDK.Sprint2.Task4.V26.Test\Tyuiu.ShakhovDK.Sprint2.Task4.V26.Test.csproj", "{9C4D499A-7E15-4361-9646-DB5EA3198577}"
EndProject
Project("{2150E333-8FDC-42A3-9474-1A3956D46DE8}") = "Task5", "Task5", "{5FB23C63-FA5F-4154-8F44-C6C71C33990F}"
EndProject
Project("{9A19103F-16F7-4668-BE54-9A1E7A4F7556}") = "Tyuiu.ShakhovDK.Sprint2.Task5.V10", "Tyuiu.ShakhovDK.Sprint2.Task5.V10\Tyuiu.ShakhovDK.Sprint2.Task5.V10.csproj", "{7F693290-5D72-44C0-B98A-457FB2C8ECBF}"
EndProject
Project("{9A19103F-16F7-4668-BE54-9A1E7A4F7556}") = "Tyuiu.ShakhovDK.Sprint2.Task5.V10.Lib", "Tyuiu.ShakhovDK.Sprint2.Task5.V10.Lib\Tyuiu.ShakhovDK.Sprint2.Task5.V10.Lib.csproj", "{5AC7DD66-3D27-4073-88EC-84A333279ACE}"
EndProject
Project("{9A19103F-16F7-4668-BE54-9A1E7A4F7556}") = "Tyuiu.ShakhovDK.Sprint2.Task5.V10.Test", "Tyuiu.ShakhovDK.Sprint2.Task5.V10.Test\Tyuiu.ShakhovDK.Sprint2.Task5.V10.Test.csproj", "{BB3665C4-FBF5-49A8-8A0D-A10CBC31935A}"
EndProject
Project("{2150E333-8FDC-42A3-9474-1A3956D46DE8}") = "Task6", "Task6", "{87B0674B-8A7E-4712-9C87-411628AC683C}"
EndProject
Project("{9A19103F-16F7-4668-BE54-9A1E7A4F7556}") = "Tyuiu.ShakhovDK.Sprint2.Task6.V11", "Tyuiu.ShakhovDK.Sprint2.Task6.V11\Tyuiu.ShakhovDK.Sprint2.Task6.V11.csproj", "{A99A6FAD-0A0D-4209-BA5F-547F57B33256}"
EndProject
Project("{9A19103F-16F7-4668-BE54-9A1E7A4F7556}") = "Tyuiu.ShakhovDK.Sprint2.Task6.V11.Lib", "Tyuiu.ShakhovDK.Sprint2.Task6.V11.Lib\Tyuiu.ShakhovDK.Sprint2.Task6.V11.Lib.csproj", "{286A0671-3A3A-420F-A510-CB63CCA1F0B6}"
EndProject
Project("{9A19103F-16F7-4668-BE54-9A1E7A4F7556}") = "Tyuiu.ShakhovDK.Sprint2.Task6.V11.Test", "Tyuiu.ShakhovDK.Sprint2.Task6.V11.Test\Tyuiu.ShakhovDK.Sprint2.Task6.V11.Test.csproj", "{68BB791F-6830-45C8-823C-DE56742402A7}"
EndProject
Project("{2150E333-8FDC-42A3-9474-1A3956D46DE8}") = "Task7", "Task7", "{9595DC62-34A8-4B38-94C7-57FEC5F2D481}"
EndProject
Project("{FAE04EC0-301F-11D3-BF4B-00C04F79EFBC}") = "Tyuiu.ShakhovDK.Sprint2.Task7.V6", "Tyuiu.ShakhovDK.Sprint2.Task7.V6\Tyuiu.ShakhovDK.Sprint2.Task7.V6.csproj", "{213A1593-B732-4AFB-97DA-01A257D887A4}"
EndProject
Project("{FAE04EC0-301F-11D3-BF4B-00C04F79EFBC}") = "Tyuiu.ShakhovDK.Sprint2.Task7.V6.Lib", "Tyuiu.ShakhovDK.Sprint2.Task7.V6.Lib\Tyuiu.ShakhovDK.Sprint2.Task7.V6.Lib.csproj", "{4972B503-F7D9-4932-B3C3-B1FBAE66975B}"
EndProject
Project("{FAE04EC0-301F-11D3-BF4B-00C04F79EFBC}") = "Tyuiu.ShakhovDK.Sprint2.Task7.V6.Test", "Tyuiu.ShakhovDK.Sprint2.Task7.V6.Test\Tyuiu.ShakhovDK.Sprint2.Task7.V6.Test.csproj", "{0815A70C-C3BE-4036-86ED-AF52A2E51DFA}"
EndProject
Global
	GlobalSection(SolutionConfigurationPlatforms) = preSolution
		Debug|Any CPU = Debug|Any CPU
		Release|Any CPU = Release|Any CPU
	EndGlobalSection
	GlobalSection(ProjectConfigurationPlatforms) = postSolution
		{597AAA45-1223-4B33-A229-D5B0CA1F08C4}.Debug|Any CPU.ActiveCfg = Debug|Any CPU
		{597AAA45-1223-4B33-A229-D5B0CA1F08C4}.Debug|Any CPU.Build.0 = Debug|Any CPU
		{597AAA45-1223-4B33-A229-D5B0CA1F08C4}.Release|Any CPU.ActiveCfg = Release|Any CPU
		{597AAA45-1223-4B33-A229-D5B0CA1F08C4}.Release|Any CPU.Build.0 = Release|Any CPU
		{ECA20C0C-E6EE-43E3-A8B5-7507E07A1A48}.Debug|Any CPU.ActiveCfg = Debug|Any CPU
		{ECA20C0C-E6EE-43E3-A8B5-7507E07A1A48}.Debug|Any CPU.Build.0 = Debug|Any CPU
		{ECA20C0C-E6EE-43E3-A8B5-7507E07A1A48}.Release|Any CPU.ActiveCfg = Release|Any CPU
		{ECA20C0C-E6EE-43E3-A8B5-7507E07A1A48}.Release|Any CPU.Build.0 = Release|Any CPU
		{7D5993EF-A038-4A46-AD0B-877CDF5F53E2}.Debug|Any CPU.ActiveCfg = Debug|Any CPU
		{7D5993EF-A038-4A46-AD0B-877CDF5F53E2}.Debug|Any CPU.Build.0 = Debug|Any CPU
		{7D5993EF-A038-4A46-AD0B-877CDF5F53E2}.Release|Any CPU.ActiveCfg = Release|Any CPU
		{7D5993EF-A038-4A46-AD0B-877CDF5F53E2}.Release|Any CPU.Build.0 = Release|Any CPU
		{F109C4EB-6BD0-45DB-A804-B0ACBDF3200D}.Debug|Any CPU.ActiveCfg = Debug|Any CPU
		{F109C4EB-6BD0-45DB-A804-B0ACBDF3200D}.Debug|Any CPU.Build.0 = Debug|Any CPU
		{F109C4EB-6BD0-45DB-A804-B0ACBDF3200D}.Release|Any CPU.ActiveCfg = Release|Any CPU
		{F109C4EB-6BD0-45DB-A804-B0ACBDF3200D}.Release|Any CPU.Build.0 = Release|Any CPU
		{579F51C7-2B9C-40C3-9C2F-D71223F918EA}.Debug|Any CPU.ActiveCfg = Debug|Any CPU
		{579F51C7-2B9C-40C3-9C2F-D71223F918EA}.Debug|Any CPU.Build.0 = Debug|Any CPU
		{579F51C7-2B9C-40C3-9C2F-D71223F918EA}.Release|Any CPU.ActiveCfg = Release|Any CPU
		{579F51C7-2B9C-40C3-9C2F-D71223F918EA}.Release|Any CPU.Build.0 = Release|Any CPU
		{1C1F2403-82DB-474C-B640-6B67685D441B}.Debug|Any CPU.ActiveCfg = Debug|Any CPU
		{1C1F2403-82DB-474C-B640-6B67685D441B}.Debug|Any CPU.Build.0 = Debug|Any CPU
		{1C1F2403-82DB-474C-B640-6B67685D441B}.Release|Any CPU.ActiveCfg = Release|Any CPU
		{1C1F2403-82DB-474C-B640-6B67685D441B}.Release|Any CPU.Build.0 = Release|Any CPU
		{F1FB7206-5907-4ADB-AE24-3AAA982F38DD}.Debug|Any CPU.ActiveCfg = Debug|Any CPU
		{F1FB7206-5907-4ADB-AE24-3AAA982F38DD}.Debug|Any CPU.Build.0 = Debug|Any CPU
		{F1FB7206-5907-4ADB-AE24-3AAA982F38DD}.Release|Any CPU.ActiveCfg = Release|Any CPU
		{F1FB7206-5907-4ADB-AE24-3AAA982F38DD}.Release|Any CPU.Build.0 = Release|Any CPU
		{68B2C56F-CAEE-444B-8F9F-C6EBD0083019}.Debug|Any CPU.ActiveCfg = Debug|Any CPU
		{68B2C56F-CAEE-444B-8F9F-C6EBD0083019}.Debug|Any CPU.Build.0 = Debug|Any CPU
		{68B2C56F-CAEE-444B-8F9F-C6EBD0083019}.Release|Any CPU.ActiveCfg = Release|Any CPU
		{68B2C56F-CAEE-444B-8F9F-C6EBD0083019}.Release|Any CPU.Build.0 = Release|Any CPU
		{86C45B28-CF05-4667-A99E-383D38AA02C2}.Debug|Any CPU.ActiveCfg = Debug|Any CPU
		{86C45B28-CF05-4667-A99E-383D38AA02C2}.Debug|Any CPU.Build.0 = Debug|Any CPU
		{86C45B28-CF05-4667-A99E-383D38AA02C2}.Release|Any CPU.ActiveCfg = Release|Any CPU
		{86C45B28-CF05-4667-A99E-383D38AA02C2}.Release|Any CPU.Build.0 = Release|Any CPU
		{25293B08-4C08-44E7-A1BC-55D9D7FD3AA3}.Debug|Any CPU.ActiveCfg = Debug|Any CPU
		{25293B08-4C08-44E7-A1BC-55D9D7FD3AA3}.Debug|Any CPU.Build.0 = Debug|Any CPU
		{25293B08-4C08-44E7-A1BC-55D9D7FD3AA3}.Release|Any CPU.ActiveCfg = Release|Any CPU
		{25293B08-4C08-44E7-A1BC-55D9D7FD3AA3}.Release|Any CPU.Build.0 = Release|Any CPU
		{9C982259-21B3-43D3-AD7A-22947A52663C}.Debug|Any CPU.ActiveCfg = Debug|Any CPU
		{9C982259-21B3-43D3-AD7A-22947A52663C}.Debug|Any CPU.Build.0 = Debug|Any CPU
		{9C982259-21B3-43D3-AD7A-22947A52663C}.Release|Any CPU.ActiveCfg = Release|Any CPU
		{9C982259-21B3-43D3-AD7A-22947A52663C}.Release|Any CPU.Build.0 = Release|Any CPU
		{B95EE703-E834-42E9-BBF7-E3134BA424C9}.Debug|Any CPU.ActiveCfg = Debug|Any CPU
		{B95EE703-E834-42E9-BBF7-E3134BA424C9}.Debug|Any CPU.Build.0 = Debug|Any CPU
		{B95EE703-E834-42E9-BBF7-E3134BA424C9}.Release|Any CPU.ActiveCfg = Release|Any CPU
		{B95EE703-E834-42E9-BBF7-E3134BA424C9}.Release|Any CPU.Build.0 = Release|Any CPU
		{F95BBCA4-EB61-4A5A-91CA-05C4934AB536}.Debug|Any CPU.ActiveCfg = Debug|Any CPU
		{F95BBCA4-EB61-4A5A-91CA-05C4934AB536}.Debug|Any CPU.Build.0 = Debug|Any CPU
		{F95BBCA4-EB61-4A5A-91CA-05C4934AB536}.Release|Any CPU.ActiveCfg = Release|Any CPU
		{F95BBCA4-EB61-4A5A-91CA-05C4934AB536}.Release|Any CPU.Build.0 = Release|Any CPU
		{522E1569-1C6D-418A-BABD-A1600B250885}.Debug|Any CPU.ActiveCfg = Debug|Any CPU
		{522E1569-1C6D-418A-BABD-A1600B250885}.Debug|Any CPU.Build.0 = Debug|Any CPU
		{522E1569-1C6D-418A-BABD-A1600B250885}.Release|Any CPU.ActiveCfg = Release|Any CPU
		{522E1569-1C6D-418A-BABD-A1600B250885}.Release|Any CPU.Build.0 = Release|Any CPU
		{9C4D499A-7E15-4361-9646-DB5EA3198577}.Debug|Any CPU.ActiveCfg = Debug|Any CPU
		{9C4D499A-7E15-4361-9646-DB5EA3198577}.Debug|Any CPU.Build.0 = Debug|Any CPU
		{9C4D499A-7E15-4361-9646-DB5EA3198577}.Release|Any CPU.ActiveCfg = Release|Any CPU
		{9C4D499A-7E15-4361-9646-DB5EA3198577}.Release|Any CPU.Build.0 = Release|Any CPU
		{7F693290-5D72-44C0-B98A-457FB2C8ECBF}.Debug|Any CPU.ActiveCfg = Debug|Any CPU
		{7F693290-5D72-44C0-B98A-457FB2C8ECBF}.Debug|Any CPU.Build.0 = Debug|Any CPU
		{7F693290-5D72-44C0-B98A-457FB2C8ECBF}.Release|Any CPU.ActiveCfg = Release|Any CPU
		{7F693290-5D72-44C0-B98A-457FB2C8ECBF}.Release|Any CPU.Build.0 = Release|Any CPU
		{5AC7DD66-3D27-4073-88EC-84A333279ACE}.Debug|Any CPU.ActiveCfg = Debug|Any CPU
		{5AC7DD66-3D27-4073-88EC-84A333279ACE}.Debug|Any CPU.Build.0 = Debug|Any CPU
		{5AC7DD66-3D27-4073-88EC-84A333279ACE}.Release|Any CPU.ActiveCfg = Release|Any CPU
		{5AC7DD66-3D27-4073-88EC-84A333279ACE}.Release|Any CPU.Build.0 = Release|Any CPU
		{BB3665C4-FBF5-49A8-8A0D-A10CBC31935A}.Debug|Any CPU.ActiveCfg = Debug|Any CPU
		{BB3665C4-FBF5-49A8-8A0D-A10CBC31935A}.Debug|Any CPU.Build.0 = Debug|Any CPU
		{BB3665C4-FBF5-49A8-8A0D-A10CBC31935A}.Release|Any CPU.ActiveCfg = Release|Any CPU
		{BB3665C4-FBF5-49A8-8A0D-A10CBC31935A}.Release|Any CPU.Build.0 = Release|Any CPU
		{A99A6FAD-0A0D-4209-BA5F-547F57B33256}.Debug|Any CPU.ActiveCfg = Debug|Any CPU
		{A99A6FAD-0A0D-4209-BA5F-547F57B33256}.Debug|Any CPU.Build.0 = Debug|Any CPU
		{A99A6FAD-0A0D-4209-BA5F-547F57B33256}.Release|Any CPU.ActiveCfg = Release|Any CPU
		{A99A6FAD-0A0D-4209-BA5F-547F57B33256}.Release|Any CPU.Build.0 = Release|Any CPU
		{286A0671-3A3A-420F-A510-CB63CCA1F0B6}.Debug|Any CPU.ActiveCfg = Debug|Any CPU
		{286A0671-3A3A-420F-A510-CB63CCA1F0B6}.Debug|Any CPU.Build.0 = Debug|Any CPU
		{286A0671-3A3A-420F-A510-CB63CCA1F0B6}.Release|Any CPU.ActiveCfg = Release|Any CPU
		{286A0671-3A3A-420F-A510-CB63CCA1F0B6}.Release|Any CPU.Build.0 = Release|Any CPU
		{68BB791F-6830-45C8-823C-DE56742402A7}.Debug|Any CPU.ActiveCfg = Debug|Any CPU
		{68BB791F-6830-45C8-823C-DE56742402A7}.Debug|Any CPU.Build.0 = Debug|Any CPU
		{68BB791F-6830-45C8-823C-DE56742402A7}.Release|Any CPU.ActiveCfg = Release|Any CPU
		{68BB791F-6830-45C8-823C-DE56742402A7}.Release|Any CPU.Build.0 = Release|Any CPU
		{213A1593-B732-4AFB-97DA-01A257D887A4}.Debug|Any CPU.ActiveCfg = Debug|Any CPU
		{213A1593-B732-4AFB-97DA-01A257D887A4}.Debug|Any CPU.Build.0 = Debug|Any CPU
		{213A1593-B732-4AFB-97DA-01A257D887A4}.Release|Any CPU.ActiveCfg = Release|Any CPU
		{213A1593-B732-4AFB-97DA-01A257D887A4}.Release|Any CPU.Build.0 = Release|Any CPU
		{4972B503-F7D9-4932-B3C3-B1FBAE66975B}.Debug|Any CPU.ActiveCfg = Debug|Any CPU
		{4972B503-F7D9-4932-B3C3-B1FBAE66975B}.Debug|Any CPU.Build.0 = Debug|Any CPU
		{4972B503-F7D9-4932-B3C3-B1FBAE66975B}.Release|Any CPU.ActiveCfg = Release|Any CPU
		{4972B503-F7D9-4932-B3C3-B1FBAE66975B}.Release|Any CPU.Build.0 = Release|Any CPU
		{0815A70C-C3BE-4036-86ED-AF52A2E51DFA}.Debug|Any CPU.ActiveCfg = Debug|Any CPU
		{0815A70C-C3BE-4036-86ED-AF52A2E51DFA}.Debug|Any CPU.Build.0 = Debug|Any CPU
		{0815A70C-C3BE-4036-86ED-AF52A2E51DFA}.Release|Any CPU.ActiveCfg = Release|Any CPU
		{0815A70C-C3BE-4036-86ED-AF52A2E51DFA}.Release|Any CPU.Build.0 = Release|Any CPU
	EndGlobalSection
	GlobalSection(SolutionProperties) = preSolution
		HideSolutionNode = FALSE
	EndGlobalSection
	GlobalSection(NestedProjects) = preSolution
		{597AAA45-1223-4B33-A229-D5B0CA1F08C4} = {0C943532-2289-4152-B804-A087DA187E39}
		{ECA20C0C-E6EE-43E3-A8B5-7507E07A1A48} = {0C943532-2289-4152-B804-A087DA187E39}
		{7D5993EF-A038-4A46-AD0B-877CDF5F53E2} = {0C943532-2289-4152-B804-A087DA187E39}
		{F109C4EB-6BD0-45DB-A804-B0ACBDF3200D} = {7887D236-2034-438F-95CA-D97119A78874}
		{579F51C7-2B9C-40C3-9C2F-D71223F918EA} = {7887D236-2034-438F-95CA-D97119A78874}
		{1C1F2403-82DB-474C-B640-6B67685D441B} = {7887D236-2034-438F-95CA-D97119A78874}
		{F1FB7206-5907-4ADB-AE24-3AAA982F38DD} = {B30C9ECA-CD12-4AD0-A8D2-10A29822590A}
		{68B2C56F-CAEE-444B-8F9F-C6EBD0083019} = {B30C9ECA-CD12-4AD0-A8D2-10A29822590A}
		{86C45B28-CF05-4667-A99E-383D38AA02C2} = {B30C9ECA-CD12-4AD0-A8D2-10A29822590A}
		{25293B08-4C08-44E7-A1BC-55D9D7FD3AA3} = {1AD52B4C-B762-484A-A93B-45814D1813E0}
		{9C982259-21B3-43D3-AD7A-22947A52663C} = {1AD52B4C-B762-484A-A93B-45814D1813E0}
		{B95EE703-E834-42E9-BBF7-E3134BA424C9} = {1AD52B4C-B762-484A-A93B-45814D1813E0}
		{F95BBCA4-EB61-4A5A-91CA-05C4934AB536} = {87713BF2-2000-4116-83EB-A00AAD3CDFAE}
		{522E1569-1C6D-418A-BABD-A1600B250885} = {87713BF2-2000-4116-83EB-A00AAD3CDFAE}
		{9C4D499A-7E15-4361-9646-DB5EA3198577} = {87713BF2-2000-4116-83EB-A00AAD3CDFAE}
		{7F693290-5D72-44C0-B98A-457FB2C8ECBF} = {5FB23C63-FA5F-4154-8F44-C6C71C33990F}
		{5AC7DD66-3D27-4073-88EC-84A333279ACE} = {5FB23C63-FA5F-4154-8F44-C6C71C33990F}
		{BB3665C4-FBF5-49A8-8A0D-A10CBC31935A} = {5FB23C63-FA5F-4154-8F44-C6C71C33990F}
		{A99A6FAD-0A0D-4209-BA5F-547F57B33256} = {87B0674B-8A7E-4712-9C87-411628AC683C}
		{286A0671-3A3A-420F-A510-CB63CCA1F0B6} = {87B0674B-8A7E-4712-9C87-411628AC683C}
		{68BB791F-6830-45C8-823C-DE56742402A7} = {87B0674B-8A7E-4712-9C87-411628AC683C}
		{213A1593-B732-4AFB-97DA-01A257D887A4} = {9595DC62-34A8-4B38-94C7-57FEC5F2D481}
		{4972B503-F7D9-4932-B3C3-B1FBAE66975B} = {9595DC62-34A8-4B38-94C7-57FEC5F2D481}
		{0815A70C-C3BE-4036-86ED-AF52A2E51DFA} = {9595DC62-34A8-4B38-94C7-57FEC5F2D481}
	EndGlobalSection
	GlobalSection(ExtensibilityGlobals) = postSolution
		SolutionGuid = {DF1C033D-5D78-437C-A509-CD0B1F864F1D}
	EndGlobalSection
EndGlobal
